// !$*UTF8*$!
{
	archiveVersion = 1;
	classes = {
	};
	objectVersion = 56;
	objects = {

/* Begin PBXBuildFile section */
		DDA27F722D4A370B00A05191 /* ThunderValley_GamesApp.swift in Sources */ = {isa = PBXBuildFile; fileRef = DDA27F712D4A370B00A05191 /* ThunderValley_GamesApp.swift */; };
		DDA27F762D4A370D00A05191 /* Assets.xcassets in Resources */ = {isa = PBXBuildFile; fileRef = DDA27F752D4A370D00A05191 /* Assets.xcassets */; };
		DDA27F7A2D4A370D00A05191 /* Preview Assets.xcassets in Resources */ = {isa = PBXBuildFile; fileRef = DDA27F792D4A370D00A05191 /* Preview Assets.xcassets */; };
		DDA27F892D4A37DD00A05191 /* Game.swift in Sources */ = {isa = PBXBuildFile; fileRef = DDA27F882D4A37DD00A05191 /* Game.swift */; };
		DDA27F8B2D4A383D00A05191 /* Coordinator.swift in Sources */ = {isa = PBXBuildFile; fileRef = DDA27F8A2D4A383D00A05191 /* Coordinator.swift */; };
		DDA27F8D2D4A385700A05191 /* Loading.swift in Sources */ = {isa = PBXBuildFile; fileRef = DDA27F8C2D4A385700A05191 /* Loading.swift */; };
		DDA27F8F2D4A388D00A05191 /* ColorExtention.swift in Sources */ = {isa = PBXBuildFile; fileRef = DDA27F8E2D4A388D00A05191 /* ColorExtention.swift */; };
		DDA27F912D4A38A500A05191 /* SizeExtention.swift in Sources */ = {isa = PBXBuildFile; fileRef = DDA27F902D4A38A500A05191 /* SizeExtention.swift */; };
		DDA27F932D4A391500A05191 /* ViewController.swift in Sources */ = {isa = PBXBuildFile; fileRef = DDA27F922D4A391500A05191 /* ViewController.swift */; };
		DDA27F952D4A397100A05191 /* Background.swift in Sources */ = {isa = PBXBuildFile; fileRef = DDA27F942D4A397100A05191 /* Background.swift */; };
		DDA27F972D4A3AAE00A05191 /* Models.swift in Sources */ = {isa = PBXBuildFile; fileRef = DDA27F962D4A3AAE00A05191 /* Models.swift */; };
		DDBA75552D4EA36700B2734C /* PlayerOneWin.swift in Sources */ = {isa = PBXBuildFile; fileRef = DDBA75542D4EA36700B2734C /* PlayerOneWin.swift */; };
		DDBA75572D4EA37500B2734C /* PlayerTwoWin.swift in Sources */ = {isa = PBXBuildFile; fileRef = DDBA75562D4EA37500B2734C /* PlayerTwoWin.swift */; };
		DDBA75592D4EA38100B2734C /* YouWin.swift in Sources */ = {isa = PBXBuildFile; fileRef = DDBA75582D4EA38100B2734C /* YouWin.swift */; };
		DDBA755B2D4EA39100B2734C /* YouLose.swift in Sources */ = {isa = PBXBuildFile; fileRef = DDBA755A2D4EA39100B2734C /* YouLose.swift */; };
		DDBA755D2D4EA44000B2734C /* CoinCountFrame.swift in Sources */ = {isa = PBXBuildFile; fileRef = DDBA755C2D4EA44000B2734C /* CoinCountFrame.swift */; };
		DDBA75612D4EAEA600B2734C /* Button.swift in Sources */ = {isa = PBXBuildFile; fileRef = DDBA75602D4EAEA600B2734C /* Button.swift */; };
		DDBA75632D4EC1A800B2734C /* Menu.swift in Sources */ = {isa = PBXBuildFile; fileRef = DDBA75622D4EC1A800B2734C /* Menu.swift */; };
		DDBA75652D4EC9EF00B2734C /* Pause.swift in Sources */ = {isa = PBXBuildFile; fileRef = DDBA75642D4EC9EF00B2734C /* Pause.swift */; };
		DDE0E9AA2D4A8F9500B96B0A /* helvetica_bold.otf in Resources */ = {isa = PBXBuildFile; fileRef = DDE0E9A92D4A8F9500B96B0A /* helvetica_bold.otf */; };
		DDEB6EE02D4EED0300500F0E /* Inventory.swift in Sources */ = {isa = PBXBuildFile; fileRef = DDEB6EDF2D4EED0300500F0E /* Inventory.swift */; };
		DDEB6EE22D4FA38900500F0E /* HowToPlay.swift in Sources */ = {isa = PBXBuildFile; fileRef = DDEB6EE12D4FA38900500F0E /* HowToPlay.swift */; };
		DDEB6EE42D4FA84700500F0E /* Settings.swift in Sources */ = {isa = PBXBuildFile; fileRef = DDEB6EE32D4FA84700500F0E /* Settings.swift */; };
		DDEB6EE62D50329700500F0E /* SoundManager.swift in Sources */ = {isa = PBXBuildFile; fileRef = DDEB6EE52D50329700500F0E /* SoundManager.swift */; };
		DDEB6EEB2D50EDCC00500F0E /* lineSound1.mp3 in Resources */ = {isa = PBXBuildFile; fileRef = DDEB6EE72D50EDCC00500F0E /* lineSound1.mp3 */; };
		DDEB6EEC2D50EDCC00500F0E /* tapSound1.mp3 in Resources */ = {isa = PBXBuildFile; fileRef = DDEB6EE82D50EDCC00500F0E /* tapSound1.mp3 */; };
		DDEB6EED2D50EDCC00500F0E /* failSound.mp3 in Resources */ = {isa = PBXBuildFile; fileRef = DDEB6EE92D50EDCC00500F0E /* failSound.mp3 */; };
		DDEB6EF02D50EDD300500F0E /* mainThemeSound.mp3 in Resources */ = {isa = PBXBuildFile; fileRef = DDEB6EEF2D50EDD300500F0E /* mainThemeSound.mp3 */; };
/* End PBXBuildFile section */

/* Begin PBXFileReference section */
		DDA27F6E2D4A370B00A05191 /* ThunderValley Games.app */ = {isa = PBXFileReference; explicitFileType = wrapper.application; includeInIndex = 0; path = "ThunderValley Games.app"; sourceTree = BUILT_PRODUCTS_DIR; };
		DDA27F712D4A370B00A05191 /* ThunderValley_GamesApp.swift */ = {isa = PBXFileReference; lastKnownFileType = sourcecode.swift; path = ThunderValley_GamesApp.swift; sourceTree = "<group>"; };
		DDA27F752D4A370D00A05191 /* Assets.xcassets */ = {isa = PBXFileReference; lastKnownFileType = folder.assetcatalog; path = Assets.xcassets; sourceTree = "<group>"; };
		DDA27F772D4A370D00A05191 /* ThunderValley_Games.entitlements */ = {isa = PBXFileReference; lastKnownFileType = text.plist.entitlements; path = ThunderValley_Games.entitlements; sourceTree = "<group>"; };
		DDA27F792D4A370D00A05191 /* Preview Assets.xcassets */ = {isa = PBXFileReference; lastKnownFileType = folder.assetcatalog; path = "Preview Assets.xcassets"; sourceTree = "<group>"; };
		DDA27F882D4A37DD00A05191 /* Game.swift */ = {isa = PBXFileReference; lastKnownFileType = sourcecode.swift; path = Game.swift; sourceTree = "<group>"; };
		DDA27F8A2D4A383D00A05191 /* Coordinator.swift */ = {isa = PBXFileReference; lastKnownFileType = sourcecode.swift; path = Coordinator.swift; sourceTree = "<group>"; };
		DDA27F8C2D4A385700A05191 /* Loading.swift */ = {isa = PBXFileReference; lastKnownFileType = sourcecode.swift; path = Loading.swift; sourceTree = "<group>"; };
		DDA27F8E2D4A388D00A05191 /* ColorExtention.swift */ = {isa = PBXFileReference; lastKnownFileType = sourcecode.swift; path = ColorExtention.swift; sourceTree = "<group>"; };
		DDA27F902D4A38A500A05191 /* SizeExtention.swift */ = {isa = PBXFileReference; lastKnownFileType = sourcecode.swift; path = SizeExtention.swift; sourceTree = "<group>"; };
		DDA27F922D4A391500A05191 /* ViewController.swift */ = {isa = PBXFileReference; lastKnownFileType = sourcecode.swift; path = ViewController.swift; sourceTree = "<group>"; };
		DDA27F942D4A397100A05191 /* Background.swift */ = {isa = PBXFileReference; lastKnownFileType = sourcecode.swift; path = Background.swift; sourceTree = "<group>"; };
		DDA27F962D4A3AAE00A05191 /* Models.swift */ = {isa = PBXFileReference; lastKnownFileType = sourcecode.swift; path = Models.swift; sourceTree = "<group>"; };
		DDBA75542D4EA36700B2734C /* PlayerOneWin.swift */ = {isa = PBXFileReference; lastKnownFileType = sourcecode.swift; path = PlayerOneWin.swift; sourceTree = "<group>"; };
		DDBA75562D4EA37500B2734C /* PlayerTwoWin.swift */ = {isa = PBXFileReference; lastKnownFileType = sourcecode.swift; path = PlayerTwoWin.swift; sourceTree = "<group>"; };
		DDBA75582D4EA38100B2734C /* YouWin.swift */ = {isa = PBXFileReference; lastKnownFileType = sourcecode.swift; path = YouWin.swift; sourceTree = "<group>"; };
		DDBA755A2D4EA39100B2734C /* YouLose.swift */ = {isa = PBXFileReference; lastKnownFileType = sourcecode.swift; path = YouLose.swift; sourceTree = "<group>"; };
		DDBA755C2D4EA44000B2734C /* CoinCountFrame.swift */ = {isa = PBXFileReference; lastKnownFileType = sourcecode.swift; path = CoinCountFrame.swift; sourceTree = "<group>"; };
		DDBA75602D4EAEA600B2734C /* Button.swift */ = {isa = PBXFileReference; lastKnownFileType = sourcecode.swift; path = Button.swift; sourceTree = "<group>"; };
		DDBA75622D4EC1A800B2734C /* Menu.swift */ = {isa = PBXFileReference; lastKnownFileType = sourcecode.swift; path = Menu.swift; sourceTree = "<group>"; };
		DDBA75642D4EC9EF00B2734C /* Pause.swift */ = {isa = PBXFileReference; lastKnownFileType = sourcecode.swift; path = Pause.swift; sourceTree = "<group>"; };
		DDE0E9A92D4A8F9500B96B0A /* helvetica_bold.otf */ = {isa = PBXFileReference; lastKnownFileType = file; path = helvetica_bold.otf; sourceTree = "<group>"; };
		DDE0E9AB2D4A8FAC00B96B0A /* ThunderValley-Games-Info.plist */ = {isa = PBXFileReference; lastKnownFileType = text.plist; path = "ThunderValley-Games-Info.plist"; sourceTree = SOURCE_ROOT; };
		DDEB6EDF2D4EED0300500F0E /* Inventory.swift */ = {isa = PBXFileReference; lastKnownFileType = sourcecode.swift; path = Inventory.swift; sourceTree = "<group>"; };
		DDEB6EE12D4FA38900500F0E /* HowToPlay.swift */ = {isa = PBXFileReference; lastKnownFileType = sourcecode.swift; path = HowToPlay.swift; sourceTree = "<group>"; };
		DDEB6EE32D4FA84700500F0E /* Settings.swift */ = {isa = PBXFileReference; lastKnownFileType = sourcecode.swift; path = Settings.swift; sourceTree = "<group>"; };
		DDEB6EE52D50329700500F0E /* SoundManager.swift */ = {isa = PBXFileReference; lastKnownFileType = sourcecode.swift; path = SoundManager.swift; sourceTree = "<group>"; };
		DDEB6EE72D50EDCC00500F0E /* lineSound1.mp3 */ = {isa = PBXFileReference; lastKnownFileType = audio.mp3; path = lineSound1.mp3; sourceTree = "<group>"; };
		DDEB6EE82D50EDCC00500F0E /* tapSound1.mp3 */ = {isa = PBXFileReference; lastKnownFileType = audio.mp3; path = tapSound1.mp3; sourceTree = "<group>"; };
		DDEB6EE92D50EDCC00500F0E /* failSound.mp3 */ = {isa = PBXFileReference; lastKnownFileType = audio.mp3; path = failSound.mp3; sourceTree = "<group>"; };
		DDEB6EEF2D50EDD300500F0E /* mainThemeSound.mp3 */ = {isa = PBXFileReference; lastKnownFileType = audio.mp3; path = mainThemeSound.mp3; sourceTree = "<group>"; };
		DDEB6EF12D50F1C800500F0E /* PrivacyInfo.xcprivacy */ = {isa = PBXFileReference; lastKnownFileType = text.xml; path = PrivacyInfo.xcprivacy; sourceTree = "<group>"; };
/* End PBXFileReference section */

/* Begin PBXFrameworksBuildPhase section */
		DDA27F6B2D4A370B00A05191 /* Frameworks */ = {
			isa = PBXFrameworksBuildPhase;
			buildActionMask = 2147483647;
			files = (
			);
			runOnlyForDeploymentPostprocessing = 0;
		};
/* End PBXFrameworksBuildPhase section */

/* Begin PBXGroup section */
		DDA27F652D4A370B00A05191 = {
			isa = PBXGroup;
			children = (
				DDA27F702D4A370B00A05191 /* ThunderValley Games */,
				DDA27F6F2D4A370B00A05191 /* Products */,
			);
			sourceTree = "<group>";
		};
		DDA27F6F2D4A370B00A05191 /* Products */ = {
			isa = PBXGroup;
			children = (
				DDA27F6E2D4A370B00A05191 /* ThunderValley Games.app */,
			);
			name = Products;
			sourceTree = "<group>";
		};
		DDA27F702D4A370B00A05191 /* ThunderValley Games */ = {
			isa = PBXGroup;
			children = (
				DDEB6EF12D50F1C800500F0E /* PrivacyInfo.xcprivacy */,
				DDE0E9AB2D4A8FAC00B96B0A /* ThunderValley-Games-Info.plist */,
				DDA27F712D4A370B00A05191 /* ThunderValley_GamesApp.swift */,
				DDA27F802D4A377900A05191 /* Views */,
				DDA27F852D4A37AD00A05191 /* SubViews */,
				DDA27F872D4A37BA00A05191 /* Fonts */,
				DDA27F822D4A378B00A05191 /* Coordinator */,
				DDA27F862D4A37B400A05191 /* Extentions */,
				DDA27F842D4A379A00A05191 /* Sounds */,
				DDA27F832D4A379500A05191 /* Madel */,
				DDA27F752D4A370D00A05191 /* Assets.xcassets */,
				DDA27F772D4A370D00A05191 /* ThunderValley_Games.entitlements */,
				DDA27F782D4A370D00A05191 /* Preview Content */,
			);
			path = "ThunderValley Games";
			sourceTree = "<group>";
		};
		DDA27F782D4A370D00A05191 /* Preview Content */ = {
			isa = PBXGroup;
			children = (
				DDA27F792D4A370D00A05191 /* Preview Assets.xcassets */,
			);
			path = "Preview Content";
			sourceTree = "<group>";
		};
		DDA27F802D4A377900A05191 /* Views */ = {
			isa = PBXGroup;
			children = (
				DDA27F8C2D4A385700A05191 /* Loading.swift */,
				DDBA75622D4EC1A800B2734C /* Menu.swift */,
				DDEB6EDF2D4EED0300500F0E /* Inventory.swift */,
				DDEB6EE12D4FA38900500F0E /* HowToPlay.swift */,
				DDEB6EE32D4FA84700500F0E /* Settings.swift */,
				DDA27F882D4A37DD00A05191 /* Game.swift */,
			);
			path = Views;
			sourceTree = "<group>";
		};
		DDA27F822D4A378B00A05191 /* Coordinator */ = {
			isa = PBXGroup;
			children = (
				DDA27F8A2D4A383D00A05191 /* Coordinator.swift */,
			);
			path = Coordinator;
			sourceTree = "<group>";
		};
		DDA27F832D4A379500A05191 /* Madel */ = {
			isa = PBXGroup;
			children = (
				DDA27F962D4A3AAE00A05191 /* Models.swift */,
			);
			path = Madel;
			sourceTree = "<group>";
		};
		DDA27F842D4A379A00A05191 /* Sounds */ = {
			isa = PBXGroup;
			children = (
				DDEB6EEF2D50EDD300500F0E /* mainThemeSound.mp3 */,
				DDEB6EE92D50EDCC00500F0E /* failSound.mp3 */,
				DDEB6EE72D50EDCC00500F0E /* lineSound1.mp3 */,
				DDEB6EE82D50EDCC00500F0E /* tapSound1.mp3 */,
				DDEB6EE52D50329700500F0E /* SoundManager.swift */,
			);
			path = Sounds;
			sourceTree = "<group>";
		};
		DDA27F852D4A37AD00A05191 /* SubViews */ = {
			isa = PBXGroup;
			children = (
				DDA27F922D4A391500A05191 /* ViewController.swift */,
				DDA27F942D4A397100A05191 /* Background.swift */,
				DDBA75542D4EA36700B2734C /* PlayerOneWin.swift */,
				DDBA75562D4EA37500B2734C /* PlayerTwoWin.swift */,
				DDBA75582D4EA38100B2734C /* YouWin.swift */,
				DDBA755A2D4EA39100B2734C /* YouLose.swift */,
				DDBA75642D4EC9EF00B2734C /* Pause.swift */,
				DDBA755C2D4EA44000B2734C /* CoinCountFrame.swift */,
				DDBA75602D4EAEA600B2734C /* Button.swift */,
			);
			path = SubViews;
			sourceTree = "<group>";
		};
		DDA27F862D4A37B400A05191 /* Extentions */ = {
			isa = PBXGroup;
			children = (
				DDA27F8E2D4A388D00A05191 /* ColorExtention.swift */,
				DDA27F902D4A38A500A05191 /* SizeExtention.swift */,
			);
			path = Extentions;
			sourceTree = "<group>";
		};
		DDA27F872D4A37BA00A05191 /* Fonts */ = {
			isa = PBXGroup;
			children = (
				DDE0E9A92D4A8F9500B96B0A /* helvetica_bold.otf */,
			);
			path = Fonts;
			sourceTree = "<group>";
		};
/* End PBXGroup section */

/* Begin PBXNativeTarget section */
		DDA27F6D2D4A370B00A05191 /* ThunderValley Games */ = {
			isa = PBXNativeTarget;
			buildConfigurationList = DDA27F7D2D4A370D00A05191 /* Build configuration list for PBXNativeTarget "ThunderValley Games" */;
			buildPhases = (
				DDA27F6A2D4A370B00A05191 /* Sources */,
				DDA27F6B2D4A370B00A05191 /* Frameworks */,
				DDA27F6C2D4A370B00A05191 /* Resources */,
			);
			buildRules = (
			);
			dependencies = (
			);
			name = "ThunderValley Games";
			productName = "ThunderValley Games";
			productReference = DDA27F6E2D4A370B00A05191 /* ThunderValley Games.app */;
			productType = "com.apple.product-type.application";
		};
/* End PBXNativeTarget section */

/* Begin PBXProject section */
		DDA27F662D4A370B00A05191 /* Project object */ = {
			isa = PBXProject;
			attributes = {
				BuildIndependentTargetsInParallel = 1;
				LastSwiftUpdateCheck = 1540;
				LastUpgradeCheck = 1540;
				TargetAttributes = {
					DDA27F6D2D4A370B00A05191 = {
						CreatedOnToolsVersion = 15.4;
					};
				};
			};
			buildConfigurationList = DDA27F692D4A370B00A05191 /* Build configuration list for PBXProject "ThunderValley Games" */;
			compatibilityVersion = "Xcode 14.0";
			developmentRegion = en;
			hasScannedForEncodings = 0;
			knownRegions = (
				en,
				Base,
			);
			mainGroup = DDA27F652D4A370B00A05191;
			productRefGroup = DDA27F6F2D4A370B00A05191 /* Products */;
			projectDirPath = "";
			projectRoot = "";
			targets = (
				DDA27F6D2D4A370B00A05191 /* ThunderValley Games */,
			);
		};
/* End PBXProject section */

/* Begin PBXResourcesBuildPhase section */
		DDA27F6C2D4A370B00A05191 /* Resources */ = {
			isa = PBXResourcesBuildPhase;
			buildActionMask = 2147483647;
			files = (
				DDA27F7A2D4A370D00A05191 /* Preview Assets.xcassets in Resources */,
				DDEB6EF02D50EDD300500F0E /* mainThemeSound.mp3 in Resources */,
				DDA27F762D4A370D00A05191 /* Assets.xcassets in Resources */,
				DDEB6EEB2D50EDCC00500F0E /* lineSound1.mp3 in Resources */,
				DDE0E9AA2D4A8F9500B96B0A /* helvetica_bold.otf in Resources */,
				DDEB6EED2D50EDCC00500F0E /* failSound.mp3 in Resources */,
				DDEB6EEC2D50EDCC00500F0E /* tapSound1.mp3 in Resources */,
			);
			runOnlyForDeploymentPostprocessing = 0;
		};
/* End PBXResourcesBuildPhase section */

/* Begin PBXSourcesBuildPhase section */
		DDA27F6A2D4A370B00A05191 /* Sources */ = {
			isa = PBXSourcesBuildPhase;
			buildActionMask = 2147483647;
			files = (
				DDA27F892D4A37DD00A05191 /* Game.swift in Sources */,
				DDA27F722D4A370B00A05191 /* ThunderValley_GamesApp.swift in Sources */,
				DDBA75572D4EA37500B2734C /* PlayerTwoWin.swift in Sources */,
				DDBA75612D4EAEA600B2734C /* Button.swift in Sources */,
				DDA27F8F2D4A388D00A05191 /* ColorExtention.swift in Sources */,
				DDEB6EE62D50329700500F0E /* SoundManager.swift in Sources */,
				DDBA755B2D4EA39100B2734C /* YouLose.swift in Sources */,
				DDBA75552D4EA36700B2734C /* PlayerOneWin.swift in Sources */,
				DDA27F952D4A397100A05191 /* Background.swift in Sources */,
				DDBA755D2D4EA44000B2734C /* CoinCountFrame.swift in Sources */,
				DDBA75592D4EA38100B2734C /* YouWin.swift in Sources */,
				DDA27F912D4A38A500A05191 /* SizeExtention.swift in Sources */,
				DDEB6EE02D4EED0300500F0E /* Inventory.swift in Sources */,
				DDA27F932D4A391500A05191 /* ViewController.swift in Sources */,
				DDA27F972D4A3AAE00A05191 /* Models.swift in Sources */,
				DDBA75632D4EC1A800B2734C /* Menu.swift in Sources */,
				DDBA75652D4EC9EF00B2734C /* Pause.swift in Sources */,
				DDA27F8D2D4A385700A05191 /* Loading.swift in Sources */,
				DDEB6EE22D4FA38900500F0E /* HowToPlay.swift in Sources */,
				DDEB6EE42D4FA84700500F0E /* Settings.swift in Sources */,
				DDA27F8B2D4A383D00A05191 /* Coordinator.swift in Sources */,
			);
			runOnlyForDeploymentPostprocessing = 0;
		};
/* End PBXSourcesBuildPhase section */

/* Begin XCBuildConfiguration section */
		DDA27F7B2D4A370D00A05191 /* Debug */ = {
			isa = XCBuildConfiguration;
			buildSettings = {
				ALWAYS_SEARCH_USER_PATHS = NO;
				ASSETCATALOG_COMPILER_GENERATE_SWIFT_ASSET_SYMBOL_EXTENSIONS = YES;
				CLANG_ANALYZER_NONNULL = YES;
				CLANG_ANALYZER_NUMBER_OBJECT_CONVERSION = YES_AGGRESSIVE;
				CLANG_CXX_LANGUAGE_STANDARD = "gnu++20";
				CLANG_ENABLE_MODULES = YES;
				CLANG_ENABLE_OBJC_ARC = YES;
				CLANG_ENABLE_OBJC_WEAK = YES;
				CLANG_WARN_BLOCK_CAPTURE_AUTORELEASING = YES;
				CLANG_WARN_BOOL_CONVERSION = YES;
				CLANG_WARN_COMMA = YES;
				CLANG_WARN_CONSTANT_CONVERSION = YES;
				CLANG_WARN_DEPRECATED_OBJC_IMPLEMENTATIONS = YES;
				CLANG_WARN_DIRECT_OBJC_ISA_USAGE = YES_ERROR;
				CLANG_WARN_DOCUMENTATION_COMMENTS = YES;
				CLANG_WARN_EMPTY_BODY = YES;
				CLANG_WARN_ENUM_CONVERSION = YES;
				CLANG_WARN_INFINITE_RECURSION = YES;
				CLANG_WARN_INT_CONVERSION = YES;
				CLANG_WARN_NON_LITERAL_NULL_CONVERSION = YES;
				CLANG_WARN_OBJC_IMPLICIT_RETAIN_SELF = YES;
				CLANG_WARN_OBJC_LITERAL_CONVERSION = YES;
				CLANG_WARN_OBJC_ROOT_CLASS = YES_ERROR;
				CLANG_WARN_QUOTED_INCLUDE_IN_FRAMEWORK_HEADER = YES;
				CLANG_WARN_RANGE_LOOP_ANALYSIS = YES;
				CLANG_WARN_STRICT_PROTOTYPES = YES;
				CLANG_WARN_SUSPICIOUS_MOVE = YES;
				CLANG_WARN_UNGUARDED_AVAILABILITY = YES_AGGRESSIVE;
				CLANG_WARN_UNREACHABLE_CODE = YES;
				CLANG_WARN__DUPLICATE_METHOD_MATCH = YES;
				COPY_PHASE_STRIP = NO;
				DEBUG_INFORMATION_FORMAT = dwarf;
				ENABLE_STRICT_OBJC_MSGSEND = YES;
				ENABLE_TESTABILITY = YES;
				ENABLE_USER_SCRIPT_SANDBOXING = YES;
				GCC_C_LANGUAGE_STANDARD = gnu17;
				GCC_DYNAMIC_NO_PIC = NO;
				GCC_NO_COMMON_BLOCKS = YES;
				GCC_OPTIMIZATION_LEVEL = 0;
				GCC_PREPROCESSOR_DEFINITIONS = (
					"DEBUG=1",
					"$(inherited)",
				);
				GCC_WARN_64_TO_32_BIT_CONVERSION = YES;
				GCC_WARN_ABOUT_RETURN_TYPE = YES_ERROR;
				GCC_WARN_UNDECLARED_SELECTOR = YES;
				GCC_WARN_UNINITIALIZED_AUTOS = YES_AGGRESSIVE;
				GCC_WARN_UNUSED_FUNCTION = YES;
				GCC_WARN_UNUSED_VARIABLE = YES;
				LOCALIZATION_PREFERS_STRING_CATALOGS = YES;
				MTL_ENABLE_DEBUG_INFO = INCLUDE_SOURCE;
				MTL_FAST_MATH = YES;
				ONLY_ACTIVE_ARCH = YES;
				SWIFT_ACTIVE_COMPILATION_CONDITIONS = "DEBUG $(inherited)";
				SWIFT_OPTIMIZATION_LEVEL = "-Onone";
			};
			name = Debug;
		};
		DDA27F7C2D4A370D00A05191 /* Release */ = {
			isa = XCBuildConfiguration;
			buildSettings = {
				ALWAYS_SEARCH_USER_PATHS = NO;
				ASSETCATALOG_COMPILER_GENERATE_SWIFT_ASSET_SYMBOL_EXTENSIONS = YES;
				CLANG_ANALYZER_NONNULL = YES;
				CLANG_ANALYZER_NUMBER_OBJECT_CONVERSION = YES_AGGRESSIVE;
				CLANG_CXX_LANGUAGE_STANDARD = "gnu++20";
				CLANG_ENABLE_MODULES = YES;
				CLANG_ENABLE_OBJC_ARC = YES;
				CLANG_ENABLE_OBJC_WEAK = YES;
				CLANG_WARN_BLOCK_CAPTURE_AUTORELEASING = YES;
				CLANG_WARN_BOOL_CONVERSION = YES;
				CLANG_WARN_COMMA = YES;
				CLANG_WARN_CONSTANT_CONVERSION = YES;
				CLANG_WARN_DEPRECATED_OBJC_IMPLEMENTATIONS = YES;
				CLANG_WARN_DIRECT_OBJC_ISA_USAGE = YES_ERROR;
				CLANG_WARN_DOCUMENTATION_COMMENTS = YES;
				CLANG_WARN_EMPTY_BODY = YES;
				CLANG_WARN_ENUM_CONVERSION = YES;
				CLANG_WARN_INFINITE_RECURSION = YES;
				CLANG_WARN_INT_CONVERSION = YES;
				CLANG_WARN_NON_LITERAL_NULL_CONVERSION = YES;
				CLANG_WARN_OBJC_IMPLICIT_RETAIN_SELF = YES;
				CLANG_WARN_OBJC_LITERAL_CONVERSION = YES;
				CLANG_WARN_OBJC_ROOT_CLASS = YES_ERROR;
				CLANG_WARN_QUOTED_INCLUDE_IN_FRAMEWORK_HEADER = YES;
				CLANG_WARN_RANGE_LOOP_ANALYSIS = YES;
				CLANG_WARN_STRICT_PROTOTYPES = YES;
				CLANG_WARN_SUSPICIOUS_MOVE = YES;
				CLANG_WARN_UNGUARDED_AVAILABILITY = YES_AGGRESSIVE;
				CLANG_WARN_UNREACHABLE_CODE = YES;
				CLANG_WARN__DUPLICATE_METHOD_MATCH = YES;
				COPY_PHASE_STRIP = NO;
				DEBUG_INFORMATION_FORMAT = "dwarf-with-dsym";
				ENABLE_NS_ASSERTIONS = NO;
				ENABLE_STRICT_OBJC_MSGSEND = YES;
				ENABLE_USER_SCRIPT_SANDBOXING = YES;
				GCC_C_LANGUAGE_STANDARD = gnu17;
				GCC_NO_COMMON_BLOCKS = YES;
				GCC_WARN_64_TO_32_BIT_CONVERSION = YES;
				GCC_WARN_ABOUT_RETURN_TYPE = YES_ERROR;
				GCC_WARN_UNDECLARED_SELECTOR = YES;
				GCC_WARN_UNINITIALIZED_AUTOS = YES_AGGRESSIVE;
				GCC_WARN_UNUSED_FUNCTION = YES;
				GCC_WARN_UNUSED_VARIABLE = YES;
				LOCALIZATION_PREFERS_STRING_CATALOGS = YES;
				MTL_ENABLE_DEBUG_INFO = NO;
				MTL_FAST_MATH = YES;
				SWIFT_COMPILATION_MODE = wholemodule;
			};
			name = Release;
		};
		DDA27F7E2D4A370D00A05191 /* Debug */ = {
			isa = XCBuildConfiguration;
			buildSettings = {
				ASSETCATALOG_COMPILER_APPICON_NAME = AppIcon;
				ASSETCATALOG_COMPILER_GLOBAL_ACCENT_COLOR_NAME = AccentColor;
				CODE_SIGN_ENTITLEMENTS = "ThunderValley Games/ThunderValley_Games.entitlements";
				CODE_SIGN_IDENTITY = "Apple Development";
				CODE_SIGN_STYLE = Automatic;
				CURRENT_PROJECT_VERSION = 1;
				DEVELOPMENT_ASSET_PATHS = "\"ThunderValley Games/Preview Content\"";
				DEVELOPMENT_TEAM = "";
				ENABLE_HARDENED_RUNTIME = YES;
				ENABLE_PREVIEWS = YES;
				GENERATE_INFOPLIST_FILE = YES;
				INFOPLIST_FILE = "ThunderValley-Games-Info.plist";
				"INFOPLIST_KEY_UIApplicationSceneManifest_Generation[sdk=iphoneos*]" = YES;
				"INFOPLIST_KEY_UIApplicationSceneManifest_Generation[sdk=iphonesimulator*]" = YES;
				"INFOPLIST_KEY_UIApplicationSupportsIndirectInputEvents[sdk=iphoneos*]" = YES;
				"INFOPLIST_KEY_UIApplicationSupportsIndirectInputEvents[sdk=iphonesimulator*]" = YES;
				"INFOPLIST_KEY_UILaunchScreen_Generation[sdk=iphoneos*]" = YES;
				"INFOPLIST_KEY_UILaunchScreen_Generation[sdk=iphonesimulator*]" = YES;
				INFOPLIST_KEY_UIRequiresFullScreen = YES;
				"INFOPLIST_KEY_UIStatusBarStyle[sdk=iphoneos*]" = UIStatusBarStyleDefault;
				"INFOPLIST_KEY_UIStatusBarStyle[sdk=iphonesimulator*]" = UIStatusBarStyleDefault;
				INFOPLIST_KEY_UISupportedInterfaceOrientations = "UIInterfaceOrientationLandscapeLeft UIInterfaceOrientationLandscapeRight UIInterfaceOrientationPortrait";
				IPHONEOS_DEPLOYMENT_TARGET = 14.5;
				LD_RUNPATH_SEARCH_PATHS = "@executable_path/Frameworks";
				"LD_RUNPATH_SEARCH_PATHS[sdk=macosx*]" = "@executable_path/../Frameworks";
				MACOSX_DEPLOYMENT_TARGET = 14.5;
				MARKETING_VERSION = 1.0.1;
				PRODUCT_BUNDLE_IDENTIFIER = com.thvalley.games;
				PRODUCT_NAME = "ThunderValley Games";
				PROVISIONING_PROFILE_SPECIFIER = "";
				SDKROOT = auto;
				SUPPORTED_PLATFORMS = "iphoneos iphonesimulator";
				SUPPORTS_MACCATALYST = NO;
				SWIFT_EMIT_LOC_STRINGS = YES;
				SWIFT_VERSION = 5.0;
				TARGETED_DEVICE_FAMILY = "1,2";
			};
			name = Debug;
		};
		DDA27F7F2D4A370D00A05191 /* Release */ = {
			isa = XCBuildConfiguration;
			buildSettings = {
				ASSETCATALOG_COMPILER_APPICON_NAME = AppIcon;
				ASSETCATALOG_COMPILER_GLOBAL_ACCENT_COLOR_NAME = AccentColor;
				CODE_SIGN_ENTITLEMENTS = "ThunderValley Games/ThunderValley_Games.entitlements";
				CODE_SIGN_IDENTITY = "Apple Development";
				CODE_SIGN_STYLE = Automatic;
				CURRENT_PROJECT_VERSION = 1;
				DEVELOPMENT_ASSET_PATHS = "\"ThunderValley Games/Preview Content\"";
				DEVELOPMENT_TEAM = "";
				ENABLE_HARDENED_RUNTIME = YES;
				ENABLE_PREVIEWS = YES;
				GENERATE_INFOPLIST_FILE = YES;
				INFOPLIST_FILE = "ThunderValley-Games-Info.plist";
				"INFOPLIST_KEY_UIApplicationSceneManifest_Generation[sdk=iphoneos*]" = YES;
				"INFOPLIST_KEY_UIApplicationSceneManifest_Generation[sdk=iphonesimulator*]" = YES;
				"INFOPLIST_KEY_UIApplicationSupportsIndirectInputEvents[sdk=iphoneos*]" = YES;
				"INFOPLIST_KEY_UIApplicationSupportsIndirectInputEvents[sdk=iphonesimulator*]" = YES;
				"INFOPLIST_KEY_UILaunchScreen_Generation[sdk=iphoneos*]" = YES;
				"INFOPLIST_KEY_UILaunchScreen_Generation[sdk=iphonesimulator*]" = YES;
				INFOPLIST_KEY_UIRequiresFullScreen = YES;
				"INFOPLIST_KEY_UIStatusBarStyle[sdk=iphoneos*]" = UIStatusBarStyleDefault;
				"INFOPLIST_KEY_UIStatusBarStyle[sdk=iphonesimulator*]" = UIStatusBarStyleDefault;
				INFOPLIST_KEY_UISupportedInterfaceOrientations = "UIInterfaceOrientationLandscapeLeft UIInterfaceOrientationLandscapeRight UIInterfaceOrientationPortrait";
				IPHONEOS_DEPLOYMENT_TARGET = 14.5;
				LD_RUNPATH_SEARCH_PATHS = "@executable_path/Frameworks";
				"LD_RUNPATH_SEARCH_PATHS[sdk=macosx*]" = "@executable_path/../Frameworks";
				MACOSX_DEPLOYMENT_TARGET = 14.5;
				MARKETING_VERSION = 1.0.1;
				PRODUCT_BUNDLE_IDENTIFIER = com.thvalley.games;
				PRODUCT_NAME = "ThunderValley Games";
				PROVISIONING_PROFILE_SPECIFIER = "";
				SDKROOT = auto;
				SUPPORTED_PLATFORMS = "iphoneos iphonesimulator";
				SUPPORTS_MACCATALYST = NO;
				SWIFT_EMIT_LOC_STRINGS = YES;
				SWIFT_VERSION = 5.0;
				TARGETED_DEVICE_FAMILY = "1,2";
			};
			name = Release;
		};
/* End XCBuildConfiguration section */

/* Begin XCConfigurationList section */
		DDA27F692D4A370B00A05191 /* Build configuration list for PBXProject "ThunderValley Games" */ = {
			isa = XCConfigurationList;
			buildConfigurations = (
				DDA27F7B2D4A370D00A05191 /* Debug */,
				DDA27F7C2D4A370D00A05191 /* Release */,
			);
			defaultConfigurationIsVisible = 0;
			defaultConfigurationName = Release;
		};
		DDA27F7D2D4A370D00A05191 /* Build configuration list for PBXNativeTarget "ThunderValley Games" */ = {
			isa = XCConfigurationList;
			buildConfigurations = (
				DDA27F7E2D4A370D00A05191 /* Debug */,
				DDA27F7F2D4A370D00A05191 /* Release */,
			);
			defaultConfigurationIsVisible = 0;
			defaultConfigurationName = Release;
		};
/* End XCConfigurationList section */
	};
	rootObject = DDA27F662D4A370B00A05191 /* Project object */;
}
